
Microsoft Visual Studio Solution File, Format Version 12.00
# Visual Studio Version 16
VisualStudioVersion = 16.0.31624.102
MinimumVisualStudioVersion = 10.0.40219.1
Project("{FAE04EC0-301F-11D3-BF4B-00C04F79EFBC}") = "Custom File Exploer", "Custom File Exploer\Custom File Exploer.csproj", "{82A48A64-568E-4396-B6EA-FB7558EC414B}"
EndProject
Global
	GlobalSection(SolutionConfigurationPlatforms) = preSolution
		Debug|Any CPU = Debug|Any CPU
		Release|Any CPU = Release|Any CPU
	EndGlobalSection
	GlobalSection(ProjectConfigurationPlatforms) = postSolution
		{82A48A64-568E-4396-B6EA-FB7558EC414B}.Debug|Any CPU.ActiveCfg = Debug|Any CPU
		{82A48A64-568E-4396-B6EA-FB7558EC414B}.Debug|Any CPU.Build.0 = Debug|Any CPU
		{82A48A64-568E-4396-B6EA-FB7558EC414B}.Release|Any CPU.ActiveCfg = Release|Any CPU
		{82A48A64-568E-4396-B6EA-FB7558EC414B}.Release|Any CPU.Build.0 = Release|Any CPU
	EndGlobalSection
	GlobalSection(SolutionProperties) = preSolution
		HideSolutionNode = FALSE
	EndGlobalSection
	GlobalSection(ExtensibilityGlobals) = postSolution
		SolutionGuid = {00205B95-3AB4-4EC9-9E42-AFAC0AAC6F23}
	EndGlobalSection
EndGlobal
